
Microsoft Visual Studio Solution File, Format Version 12.00
# Visual Studio Version 16
VisualStudioVersion = 16.0.29728.190
MinimumVisualStudioVersion = 10.0.40219.1
Project("{9A19103F-16F7-4668-BE54-9A1E7A4F7556}") = "SpaceCoastBlazorDemo", "SpaceCoastBlazorDemo\SpaceCoastBlazorDemo.csproj", "{391823E5-7540-448C-B29F-DB5C974D5422}"
EndProject
Project("{9A19103F-16F7-4668-BE54-9A1E7A4F7556}") = "SpaceCoastDemo.Client", "SpaceCoastDemo.Client\SpaceCoastDemo.Client.csproj", "{F8D1E61C-50A7-4F9A-98E4-2C09FAD4BDB8}"
EndProject
Project("{9A19103F-16F7-4668-BE54-9A1E7A4F7556}") = "SpaceCoastBlazorDemo.Lib", "SpaceCoastBlazorDemo.Lib\SpaceCoastBlazorDemo.Lib.csproj", "{21CDB117-D229-465D-B0B8-CB5E4313948A}"
EndProject
Project("{FAE04EC0-301F-11D3-BF4B-00C04F79EFBC}") = "RazorClassLibrary1", "RazorClassLibrary1\RazorClassLibrary1.csproj", "{3DF6C245-6FDF-4AB4-A038-483B3A0A07D5}"
EndProject
Global
	GlobalSection(SolutionConfigurationPlatforms) = preSolution
		Debug|Any CPU = Debug|Any CPU
		Release|Any CPU = Release|Any CPU
	EndGlobalSection
	GlobalSection(ProjectConfigurationPlatforms) = postSolution
		{391823E5-7540-448C-B29F-DB5C974D5422}.Debug|Any CPU.ActiveCfg = Debug|Any CPU
		{391823E5-7540-448C-B29F-DB5C974D5422}.Debug|Any CPU.Build.0 = Debug|Any CPU
		{391823E5-7540-448C-B29F-DB5C974D5422}.Release|Any CPU.ActiveCfg = Release|Any CPU
		{391823E5-7540-448C-B29F-DB5C974D5422}.Release|Any CPU.Build.0 = Release|Any CPU
		{F8D1E61C-50A7-4F9A-98E4-2C09FAD4BDB8}.Debug|Any CPU.ActiveCfg = Debug|Any CPU
		{F8D1E61C-50A7-4F9A-98E4-2C09FAD4BDB8}.Debug|Any CPU.Build.0 = Debug|Any CPU
		{F8D1E61C-50A7-4F9A-98E4-2C09FAD4BDB8}.Release|Any CPU.ActiveCfg = Release|Any CPU
		{F8D1E61C-50A7-4F9A-98E4-2C09FAD4BDB8}.Release|Any CPU.Build.0 = Release|Any CPU
		{21CDB117-D229-465D-B0B8-CB5E4313948A}.Debug|Any CPU.ActiveCfg = Debug|Any CPU
		{21CDB117-D229-465D-B0B8-CB5E4313948A}.Debug|Any CPU.Build.0 = Debug|Any CPU
		{21CDB117-D229-465D-B0B8-CB5E4313948A}.Release|Any CPU.ActiveCfg = Release|Any CPU
		{21CDB117-D229-465D-B0B8-CB5E4313948A}.Release|Any CPU.Build.0 = Release|Any CPU
		{3DF6C245-6FDF-4AB4-A038-483B3A0A07D5}.Debug|Any CPU.ActiveCfg = Debug|Any CPU
		{3DF6C245-6FDF-4AB4-A038-483B3A0A07D5}.Debug|Any CPU.Build.0 = Debug|Any CPU
		{3DF6C245-6FDF-4AB4-A038-483B3A0A07D5}.Release|Any CPU.ActiveCfg = Release|Any CPU
		{3DF6C245-6FDF-4AB4-A038-483B3A0A07D5}.Release|Any CPU.Build.0 = Release|Any CPU
	EndGlobalSection
	GlobalSection(SolutionProperties) = preSolution
		HideSolutionNode = FALSE
	EndGlobalSection
	GlobalSection(ExtensibilityGlobals) = postSolution
		SolutionGuid = {95A41497-7134-4C91-BF18-622E1FCFD7A5}
	EndGlobalSection
EndGlobal
